Microsoft Visual Studio Solution File, Format Version 12.00
# Visual Studio Version 17
VisualStudioVersion = 17.5.2.0
MinimumVisualStudioVersion = 10.0.40219.1
Project("{FAE04EC0-301F-11D3-BF4B-00C04F79EFBC}") = "ChatAIApp", "ChatAIApp.csproj", "{67B0A1FE-534D-3020-7DBD-715B01310C4B}"
EndProject
Global
	GlobalSection(SolutionConfigurationPlatforms) = preSolution
		Debug|Any CPU = Debug|Any CPU
		Release|Any CPU = Release|Any CPU
	EndGlobalSection
	GlobalSection(ProjectConfigurationPlatforms) = postSolution
		{67B0A1FE-534D-3020-7DBD-715B01310C4B}.Debug|Any CPU.ActiveCfg = Debug|Any CPU
		{67B0A1FE-534D-3020-7DBD-715B01310C4B}.Debug|Any CPU.Build.0 = Debug|Any CPU
		{67B0A1FE-534D-3020-7DBD-715B01310C4B}.Release|Any CPU.ActiveCfg = Release|Any CPU
		{67B0A1FE-534D-3020-7DBD-715B01310C4B}.Release|Any CPU.Build.0 = Release|Any CPU
	EndGlobalSection
	GlobalSection(SolutionProperties) = preSolution
		HideSolutionNode = FALSE
	EndGlobalSection
	GlobalSection(ExtensibilityGlobals) = postSolution
		SolutionGuid = {4284B0AC-8F32-4BB7-9999-7B418D31A934}
	EndGlobalSection
EndGlobal
